
Microsoft Visual Studio Solution File, Format Version 12.00
# Visual Studio Version 17
VisualStudioVersion = 17.1.32328.378
MinimumVisualStudioVersion = 10.0.40219.1
Project("{8BC9CEB8-8B4A-11D0-8D11-00A0C91BC942}") = "Pong_Console_Online", "Pong_Console_Online\Pong_Console_Online.vcxproj", "{1598FF8A-F215-4AA9-A873-0C2D21950FCB}"
EndProject
Project("{8BC9CEB8-8B4A-11D0-8D11-00A0C91BC942}") = "Pong_Server", "Pong_Server\Pong_Server.vcxproj", "{F2B521E4-230A-4EBE-A15B-236536795B01}"
EndProject
Project("{8BC9CEB8-8B4A-11D0-8D11-00A0C91BC942}") = "Engine", "Engine\Engine.vcxproj", "{77788D1F-9D4D-4AFA-AFB6-61C6E86E7932}"
EndProject
Global
	GlobalSection(SolutionConfigurationPlatforms) = preSolution
		Debug|x64 = Debug|x64
		Debug|x86 = Debug|x86
		Release|x64 = Release|x64
		Release|x86 = Release|x86
	EndGlobalSection
	GlobalSection(ProjectConfigurationPlatforms) = postSolution
		{1598FF8A-F215-4AA9-A873-0C2D21950FCB}.Debug|x64.ActiveCfg = Debug|x64
		{1598FF8A-F215-4AA9-A873-0C2D21950FCB}.Debug|x64.Build.0 = Debug|x64
		{1598FF8A-F215-4AA9-A873-0C2D21950FCB}.Debug|x86.ActiveCfg = Debug|Win32
		{1598FF8A-F215-4AA9-A873-0C2D21950FCB}.Debug|x86.Build.0 = Debug|Win32
		{1598FF8A-F215-4AA9-A873-0C2D21950FCB}.Release|x64.ActiveCfg = Release|x64
		{1598FF8A-F215-4AA9-A873-0C2D21950FCB}.Release|x64.Build.0 = Release|x64
		{1598FF8A-F215-4AA9-A873-0C2D21950FCB}.Release|x86.ActiveCfg = Release|Win32
		{1598FF8A-F215-4AA9-A873-0C2D21950FCB}.Release|x86.Build.0 = Release|Win32
		{F2B521E4-230A-4EBE-A15B-236536795B01}.Debug|x64.ActiveCfg = Debug|x64
		{F2B521E4-230A-4EBE-A15B-236536795B01}.Debug|x64.Build.0 = Debug|x64
		{F2B521E4-230A-4EBE-A15B-236536795B01}.Debug|x86.ActiveCfg = Debug|Win32
		{F2B521E4-230A-4EBE-A15B-236536795B01}.Debug|x86.Build.0 = Debug|Win32
		{F2B521E4-230A-4EBE-A15B-236536795B01}.Release|x64.ActiveCfg = Release|x64
		{F2B521E4-230A-4EBE-A15B-236536795B01}.Release|x64.Build.0 = Release|x64
		{F2B521E4-230A-4EBE-A15B-236536795B01}.Release|x86.ActiveCfg = Release|Win32
		{F2B521E4-230A-4EBE-A15B-236536795B01}.Release|x86.Build.0 = Release|Win32
		{77788D1F-9D4D-4AFA-AFB6-61C6E86E7932}.Debug|x64.ActiveCfg = Debug|x64
		{77788D1F-9D4D-4AFA-AFB6-61C6E86E7932}.Debug|x64.Build.0 = Debug|x64
		{77788D1F-9D4D-4AFA-AFB6-61C6E86E7932}.Debug|x86.ActiveCfg = Debug|Win32
		{77788D1F-9D4D-4AFA-AFB6-61C6E86E7932}.Debug|x86.Build.0 = Debug|Win32
		{77788D1F-9D4D-4AFA-AFB6-61C6E86E7932}.Release|x64.ActiveCfg = Release|x64
		{77788D1F-9D4D-4AFA-AFB6-61C6E86E7932}.Release|x64.Build.0 = Release|x64
		{77788D1F-9D4D-4AFA-AFB6-61C6E86E7932}.Release|x86.ActiveCfg = Release|Win32
		{77788D1F-9D4D-4AFA-AFB6-61C6E86E7932}.Release|x86.Build.0 = Release|Win32
	EndGlobalSection
	GlobalSection(SolutionProperties) = preSolution
		HideSolutionNode = FALSE
	EndGlobalSection
	GlobalSection(ExtensibilityGlobals) = postSolution
		SolutionGuid = {3FE9A656-031B-4308-B558-C6B00AFF9B47}
	EndGlobalSection
EndGlobal
